
Microsoft Visual Studio Solution File, Format Version 12.00
# Visual Studio Version 16
VisualStudioVersion = 16.0.32002.261
MinimumVisualStudioVersion = 10.0.40219.1
Project("{FAE04EC0-301F-11D3-BF4B-00C04F79EFBC}") = "WpfLab_11_2_1", "WpfLab_11_2_1\WpfLab_11_2_1.csproj", "{EFDCE7C9-9BF8-4DD1-BC70-85AD2F1EF1D8}"
EndProject
Global
	GlobalSection(SolutionConfigurationPlatforms) = preSolution
		Debug|Any CPU = Debug|Any CPU
		Release|Any CPU = Release|Any CPU
	EndGlobalSection
	GlobalSection(ProjectConfigurationPlatforms) = postSolution
		{EFDCE7C9-9BF8-4DD1-BC70-85AD2F1EF1D8}.Debug|Any CPU.ActiveCfg = Debug|Any CPU
		{EFDCE7C9-9BF8-4DD1-BC70-85AD2F1EF1D8}.Debug|Any CPU.Build.0 = Debug|Any CPU
		{EFDCE7C9-9BF8-4DD1-BC70-85AD2F1EF1D8}.Release|Any CPU.ActiveCfg = Release|Any CPU
		{EFDCE7C9-9BF8-4DD1-BC70-85AD2F1EF1D8}.Release|Any CPU.Build.0 = Release|Any CPU
	EndGlobalSection
	GlobalSection(SolutionProperties) = preSolution
		HideSolutionNode = FALSE
	EndGlobalSection
	GlobalSection(ExtensibilityGlobals) = postSolution
		SolutionGuid = {D4DC24AA-F1BF-407C-85D2-1C9F61AFE37A}
	EndGlobalSection
EndGlobal
